cattlecloud.net/go/forms v1.1.0 h1:ZTIyg4AMG9IY87tfNHmRnRgy8X4ZPiui1JYwNT3562s=
cattlecloud.net/go/forms v1.1.0/go.mod h1:B8PMCKE7VtjbvirdXJpvxZIDdU8F/ybaKgNsOqZMkCw=
cattlecloud.net/go/scope v1.3.0 h1:mtcE3vo9aB0tQK60CKzxysNAXhfqsTfrc2R+yi9q+Wc=
cattlecloud.net/go/scope v1.3.0/go.mod h1:s4E3A9aWEhVoUrPXBZEgr35m2SyAuk89MNTOsea+a5o=
github.com/golang-jwt/jwt/v5 v5.3.1 h1:kYf81DTWFe7t+1VvL7eS+jKFVWaUnK9cB1qbwn63YCY=
github.com/golang-jwt/jwt/v5 v5.3.1/go.mod h1:fxCRLWMO43lRc8nhHWY6LGqRcf+1gQWArsqaEUEa5bE=
github.com/google/go-cmp v0.7.0 h1:wk8382ETsv4JYUZwIsn6YpYiWiBsYLSJiTsyBybVuN8=
github.com/google/go-cmp v0.7.0/go.mod h1:pXiqmnSA92OHEEa9HXL2W4E7lf9JzCmGVUdgjX3N/iU=
github.com/hashicorp/go-set/v3 v3.0.1 h1:ZwO15ZYmIrFYL9zSm2wBuwcRiHxVdp46m/XA/MUlM6I=
github.com/hashicorp/go-set/v3 v3.0.1/go.mod h1:0oPQqhtitglZeT2ZiWnRIfUG6gJAHnn7LzrS7SbgNY4=
github.com/mileusna/useragent v1.3.5 h1:SJM5NzBmh/hO+4LGeATKpaEX9+b4vcGg2qXGLiNGDws=
github.com/mileusna/useragent v1.3.5/go.mod h1:3d8TOmwL/5I8pJjyVDteHtgDGcefrFUX4ccGOMKNYYc=
github.com/shoenig/go-conceal v0.5.6 h1:K2j8Ql6U4YrBxCRaNF/AnuYaeG8dmf2HcApc7nEdmpk=
github.com/shoenig/go-conceal v0.5.6/go.mod h1:rP6ts7GI3lTWQu0gZBWN/aLR1YrdqvrAZbT8cxzxd2A=
github.com/shoenig/lang v0.0.7 h1:0F7/U1ria0edQPYf0e4zX+hJ2Wxo4UPss2fydWkqvCw=
github.com/shoenig/lang v0.0.7/go.mod h1:DStvcG5yPYr/xBBcTEaousm+Pqjn9ozAKfyqWwfhj34=
github.com/shoenig/lang v0.0.8 h1:A6WIzjO8T9rCSVueLIzLj+cHw2Lzm01NEI3x8Oyu9e0=
github.com/shoenig/lang v0.0.8/go.mod h1:u515SaQYHQgukwYa8K6wftsmSh5aWGxJvSi4zjazNfI=
github.com/shoenig/test v1.13.2 h1:SaGxHxg7xkRuKuNtuFmHf0LgNGaAgcBT7HN4WHCKfqU=
github.com/shoenig/test v1.13.2/go.mod h1:MKmiRyEeuFl8y9PCoThaRDgYQZeWBhRQlH99poXz5LI=
